
Microsoft Visual Studio Solution File, Format Version 12.00
# Visual Studio Version 17
VisualStudioVersion = 17.6.33815.320
MinimumVisualStudioVersion = 10.0.40219.1
Project("{FAE04EC0-301F-11D3-BF4B-00C04F79EFBC}") = "0611", "0611\0611.csproj", "{6398E461-8D84-4486-AD3C-FFF77CA575A2}"
EndProject
Project("{FAE04EC0-301F-11D3-BF4B-00C04F79EFBC}") = "Biblio", "Biblio\Biblio.csproj", "{2363B933-0BB7-4998-A9DC-68DE5707A633}"
EndProject
Project("{FAE04EC0-301F-11D3-BF4B-00C04F79EFBC}") = "Fri", "Fri\Fri.csproj", "{3B6D81C7-998B-436B-921F-9CB5625C83D7}"
EndProject
Global
	GlobalSection(SolutionConfigurationPlatforms) = preSolution
		Debug|Any CPU = Debug|Any CPU
		Release|Any CPU = Release|Any CPU
	EndGlobalSection
	GlobalSection(ProjectConfigurationPlatforms) = postSolution
		{6398E461-8D84-4486-AD3C-FFF77CA575A2}.Debug|Any CPU.ActiveCfg = Debug|Any CPU
		{6398E461-8D84-4486-AD3C-FFF77CA575A2}.Debug|Any CPU.Build.0 = Debug|Any CPU
		{6398E461-8D84-4486-AD3C-FFF77CA575A2}.Release|Any CPU.ActiveCfg = Release|Any CPU
		{6398E461-8D84-4486-AD3C-FFF77CA575A2}.Release|Any CPU.Build.0 = Release|Any CPU
		{2363B933-0BB7-4998-A9DC-68DE5707A633}.Debug|Any CPU.ActiveCfg = Debug|Any CPU
		{2363B933-0BB7-4998-A9DC-68DE5707A633}.Debug|Any CPU.Build.0 = Debug|Any CPU
		{2363B933-0BB7-4998-A9DC-68DE5707A633}.Release|Any CPU.ActiveCfg = Release|Any CPU
		{2363B933-0BB7-4998-A9DC-68DE5707A633}.Release|Any CPU.Build.0 = Release|Any CPU
		{3B6D81C7-998B-436B-921F-9CB5625C83D7}.Debug|Any CPU.ActiveCfg = Debug|Any CPU
		{3B6D81C7-998B-436B-921F-9CB5625C83D7}.Debug|Any CPU.Build.0 = Debug|Any CPU
		{3B6D81C7-998B-436B-921F-9CB5625C83D7}.Release|Any CPU.ActiveCfg = Release|Any CPU
		{3B6D81C7-998B-436B-921F-9CB5625C83D7}.Release|Any CPU.Build.0 = Release|Any CPU
	EndGlobalSection
	GlobalSection(SolutionProperties) = preSolution
		HideSolutionNode = FALSE
	EndGlobalSection
	GlobalSection(ExtensibilityGlobals) = postSolution
		SolutionGuid = {63961342-DC75-4214-AC60-31FC2491BE66}
	EndGlobalSection
EndGlobal
